
Microsoft Visual Studio Solution File, Format Version 12.00
# Visual Studio 15
VisualStudioVersion = 15.0.27703.2026
MinimumVisualStudioVersion = 10.0.40219.1
Project("{FAE04EC0-301F-11D3-BF4B-00C04F79EFBC}") = "CacheViewer", "CacheViewer\CacheViewer.csproj", "{17D5C0EC-16A9-4887-AD40-6D743F2853C8}"
EndProject
Project("{FAE04EC0-301F-11D3-BF4B-00C04F79EFBC}") = "CacheViewer.Domain", "CacheViewer.Domain\CacheViewer.Domain.csproj", "{E679DFB5-302E-488E-98F2-4A0838A4A222}"
EndProject
Project("{FAE04EC0-301F-11D3-BF4B-00C04F79EFBC}") = "CacheViewer.Tests", "CacheViewer.Tests\CacheViewer.Tests.csproj", "{111FE4A4-B975-43A3-938D-05F463919CD8}"
EndProject
Project("{2150E333-8FDC-42A3-9474-1A3956D46DE8}") = "Solution Items", "Solution Items", "{D9C3AF0F-1F49-4864-B258-76FEF70D1930}"
	ProjectSection(SolutionItems) = preProject
		README.md = README.md
	EndProjectSection
EndProject
Project("{FAE04EC0-301F-11D3-BF4B-00C04F79EFBC}") = "CacheViewer.Console", "CacheViewer.Console\CacheViewer.Console.csproj", "{41903DCF-1395-4740-BEF8-8D2E87ED94C1}"
EndProject
Project("{FAE04EC0-301F-11D3-BF4B-00C04F79EFBC}") = "CacheViewer.Data", "CacheViewer.Data\CacheViewer.Data.csproj", "{6CBDFB6B-EDCD-4B87-9009-CAD1BCB23A33}"
EndProject
Global
	GlobalSection(SolutionConfigurationPlatforms) = preSolution
		Debug|Any CPU = Debug|Any CPU
		Debug|x86 = Debug|x86
		Documentation|Any CPU = Documentation|Any CPU
		Documentation|x86 = Documentation|x86
		Nsis|Any CPU = Nsis|Any CPU
		Nsis|x86 = Nsis|x86
		Release|Any CPU = Release|Any CPU
		Release|x86 = Release|x86
	EndGlobalSection
	GlobalSection(ProjectConfigurationPlatforms) = postSolution
		{17D5C0EC-16A9-4887-AD40-6D743F2853C8}.Debug|Any CPU.ActiveCfg = Debug|x86
		{17D5C0EC-16A9-4887-AD40-6D743F2853C8}.Debug|Any CPU.Build.0 = Debug|x86
		{17D5C0EC-16A9-4887-AD40-6D743F2853C8}.Debug|x86.ActiveCfg = Debug|x86
		{17D5C0EC-16A9-4887-AD40-6D743F2853C8}.Debug|x86.Build.0 = Debug|x86
		{17D5C0EC-16A9-4887-AD40-6D743F2853C8}.Documentation|Any CPU.ActiveCfg = Debug|Any CPU
		{17D5C0EC-16A9-4887-AD40-6D743F2853C8}.Documentation|Any CPU.Build.0 = Debug|Any CPU
		{17D5C0EC-16A9-4887-AD40-6D743F2853C8}.Documentation|x86.ActiveCfg = Debug|x86
		{17D5C0EC-16A9-4887-AD40-6D743F2853C8}.Documentation|x86.Build.0 = Debug|x86
		{17D5C0EC-16A9-4887-AD40-6D743F2853C8}.Nsis|Any CPU.ActiveCfg = Release|Any CPU
		{17D5C0EC-16A9-4887-AD40-6D743F2853C8}.Nsis|Any CPU.Build.0 = Release|Any CPU
		{17D5C0EC-16A9-4887-AD40-6D743F2853C8}.Nsis|x86.ActiveCfg = Release|x86
		{17D5C0EC-16A9-4887-AD40-6D743F2853C8}.Nsis|x86.Build.0 = Release|x86
		{17D5C0EC-16A9-4887-AD40-6D743F2853C8}.Release|Any CPU.ActiveCfg = Release|Any CPU
		{17D5C0EC-16A9-4887-AD40-6D743F2853C8}.Release|Any CPU.Build.0 = Release|Any CPU
		{17D5C0EC-16A9-4887-AD40-6D743F2853C8}.Release|x86.ActiveCfg = Release|x86
		{17D5C0EC-16A9-4887-AD40-6D743F2853C8}.Release|x86.Build.0 = Release|x86
		{E679DFB5-302E-488E-98F2-4A0838A4A222}.Debug|Any CPU.ActiveCfg = Debug|x86
		{E679DFB5-302E-488E-98F2-4A0838A4A222}.Debug|Any CPU.Build.0 = Debug|x86
		{E679DFB5-302E-488E-98F2-4A0838A4A222}.Debug|x86.ActiveCfg = Debug|x86
		{E679DFB5-302E-488E-98F2-4A0838A4A222}.Debug|x86.Build.0 = Debug|x86
		{E679DFB5-302E-488E-98F2-4A0838A4A222}.Documentation|Any CPU.ActiveCfg = Debug|Any CPU
		{E679DFB5-302E-488E-98F2-4A0838A4A222}.Documentation|Any CPU.Build.0 = Debug|Any CPU
		{E679DFB5-302E-488E-98F2-4A0838A4A222}.Documentation|x86.ActiveCfg = Debug|x86
		{E679DFB5-302E-488E-98F2-4A0838A4A222}.Documentation|x86.Build.0 = Debug|x86
		{E679DFB5-302E-488E-98F2-4A0838A4A222}.Nsis|Any CPU.ActiveCfg = Release|Any CPU
		{E679DFB5-302E-488E-98F2-4A0838A4A222}.Nsis|Any CPU.Build.0 = Release|Any CPU
		{E679DFB5-302E-488E-98F2-4A0838A4A222}.Nsis|x86.ActiveCfg = Release|x86
		{E679DFB5-302E-488E-98F2-4A0838A4A222}.Nsis|x86.Build.0 = Release|x86
		{E679DFB5-302E-488E-98F2-4A0838A4A222}.Release|Any CPU.ActiveCfg = Release|Any CPU
		{E679DFB5-302E-488E-98F2-4A0838A4A222}.Release|Any CPU.Build.0 = Release|Any CPU
		{E679DFB5-302E-488E-98F2-4A0838A4A222}.Release|x86.ActiveCfg = Release|x86
		{E679DFB5-302E-488E-98F2-4A0838A4A222}.Release|x86.Build.0 = Release|x86
		{111FE4A4-B975-43A3-938D-05F463919CD8}.Debug|Any CPU.ActiveCfg = Debug|x86
		{111FE4A4-B975-43A3-938D-05F463919CD8}.Debug|Any CPU.Build.0 = Debug|x86
		{111FE4A4-B975-43A3-938D-05F463919CD8}.Debug|x86.ActiveCfg = Debug|x86
		{111FE4A4-B975-43A3-938D-05F463919CD8}.Debug|x86.Build.0 = Debug|x86
		{111FE4A4-B975-43A3-938D-05F463919CD8}.Documentation|Any CPU.ActiveCfg = Debug|Any CPU
		{111FE4A4-B975-43A3-938D-05F463919CD8}.Documentation|Any CPU.Build.0 = Debug|Any CPU
		{111FE4A4-B975-43A3-938D-05F463919CD8}.Documentation|x86.ActiveCfg = Debug|x86
		{111FE4A4-B975-43A3-938D-05F463919CD8}.Documentation|x86.Build.0 = Debug|x86
		{111FE4A4-B975-43A3-938D-05F463919CD8}.Nsis|Any CPU.ActiveCfg = Release|Any CPU
		{111FE4A4-B975-43A3-938D-05F463919CD8}.Nsis|Any CPU.Build.0 = Release|Any CPU
		{111FE4A4-B975-43A3-938D-05F463919CD8}.Nsis|x86.ActiveCfg = Release|x86
		{111FE4A4-B975-43A3-938D-05F463919CD8}.Nsis|x86.Build.0 = Release|x86
		{111FE4A4-B975-43A3-938D-05F463919CD8}.Release|Any CPU.ActiveCfg = Release|Any CPU
		{111FE4A4-B975-43A3-938D-05F463919CD8}.Release|Any CPU.Build.0 = Release|Any CPU
		{111FE4A4-B975-43A3-938D-05F463919CD8}.Release|x86.ActiveCfg = Release|x86
		{111FE4A4-B975-43A3-938D-05F463919CD8}.Release|x86.Build.0 = Release|x86
		{41903DCF-1395-4740-BEF8-8D2E87ED94C1}.Debug|Any CPU.ActiveCfg = Debug|Any CPU
		{41903DCF-1395-4740-BEF8-8D2E87ED94C1}.Debug|Any CPU.Build.0 = Debug|Any CPU
		{41903DCF-1395-4740-BEF8-8D2E87ED94C1}.Debug|x86.ActiveCfg = Debug|Any CPU
		{41903DCF-1395-4740-BEF8-8D2E87ED94C1}.Debug|x86.Build.0 = Debug|Any CPU
		{41903DCF-1395-4740-BEF8-8D2E87ED94C1}.Documentation|Any CPU.ActiveCfg = Debug|Any CPU
		{41903DCF-1395-4740-BEF8-8D2E87ED94C1}.Documentation|Any CPU.Build.0 = Debug|Any CPU
		{41903DCF-1395-4740-BEF8-8D2E87ED94C1}.Documentation|x86.ActiveCfg = Debug|Any CPU
		{41903DCF-1395-4740-BEF8-8D2E87ED94C1}.Documentation|x86.Build.0 = Debug|Any CPU
		{41903DCF-1395-4740-BEF8-8D2E87ED94C1}.Nsis|Any CPU.ActiveCfg = Release|Any CPU
		{41903DCF-1395-4740-BEF8-8D2E87ED94C1}.Nsis|Any CPU.Build.0 = Release|Any CPU
		{41903DCF-1395-4740-BEF8-8D2E87ED94C1}.Nsis|x86.ActiveCfg = Release|Any CPU
		{41903DCF-1395-4740-BEF8-8D2E87ED94C1}.Nsis|x86.Build.0 = Release|Any CPU
		{41903DCF-1395-4740-BEF8-8D2E87ED94C1}.Release|Any CPU.ActiveCfg = Release|Any CPU
		{41903DCF-1395-4740-BEF8-8D2E87ED94C1}.Release|Any CPU.Build.0 = Release|Any CPU
		{41903DCF-1395-4740-BEF8-8D2E87ED94C1}.Release|x86.ActiveCfg = Release|Any CPU
		{41903DCF-1395-4740-BEF8-8D2E87ED94C1}.Release|x86.Build.0 = Release|Any CPU
		{6CBDFB6B-EDCD-4B87-9009-CAD1BCB23A33}.Debug|Any CPU.ActiveCfg = Debug|Any CPU
		{6CBDFB6B-EDCD-4B87-9009-CAD1BCB23A33}.Debug|Any CPU.Build.0 = Debug|Any CPU
		{6CBDFB6B-EDCD-4B87-9009-CAD1BCB23A33}.Debug|x86.ActiveCfg = Debug|Any CPU
		{6CBDFB6B-EDCD-4B87-9009-CAD1BCB23A33}.Debug|x86.Build.0 = Debug|Any CPU
		{6CBDFB6B-EDCD-4B87-9009-CAD1BCB23A33}.Documentation|Any CPU.ActiveCfg = Debug|Any CPU
		{6CBDFB6B-EDCD-4B87-9009-CAD1BCB23A33}.Documentation|Any CPU.Build.0 = Debug|Any CPU
		{6CBDFB6B-EDCD-4B87-9009-CAD1BCB23A33}.Documentation|x86.ActiveCfg = Debug|Any CPU
		{6CBDFB6B-EDCD-4B87-9009-CAD1BCB23A33}.Documentation|x86.Build.0 = Debug|Any CPU
		{6CBDFB6B-EDCD-4B87-9009-CAD1BCB23A33}.Nsis|Any CPU.ActiveCfg = Debug|Any CPU
		{6CBDFB6B-EDCD-4B87-9009-CAD1BCB23A33}.Nsis|Any CPU.Build.0 = Debug|Any CPU
		{6CBDFB6B-EDCD-4B87-9009-CAD1BCB23A33}.Nsis|x86.ActiveCfg = Debug|Any CPU
		{6CBDFB6B-EDCD-4B87-9009-CAD1BCB23A33}.Nsis|x86.Build.0 = Debug|Any CPU
		{6CBDFB6B-EDCD-4B87-9009-CAD1BCB23A33}.Release|Any CPU.ActiveCfg = Release|Any CPU
		{6CBDFB6B-EDCD-4B87-9009-CAD1BCB23A33}.Release|Any CPU.Build.0 = Release|Any CPU
		{6CBDFB6B-EDCD-4B87-9009-CAD1BCB23A33}.Release|x86.ActiveCfg = Release|Any CPU
		{6CBDFB6B-EDCD-4B87-9009-CAD1BCB23A33}.Release|x86.Build.0 = Release|Any CPU
	EndGlobalSection
	GlobalSection(SolutionProperties) = preSolution
		HideSolutionNode = FALSE
	EndGlobalSection
	GlobalSection(ExtensibilityGlobals) = postSolution
		SolutionGuid = {46A65E40-C499-4957-9DBB-E513FEA3FFA2}
	EndGlobalSection
EndGlobal
