
Microsoft Visual Studio Solution File, Format Version 12.00
# Visual Studio 2013
VisualStudioVersion = 12.0.31101.0
MinimumVisualStudioVersion = 10.0.40219.1
Project("{FAE04EC0-301F-11D3-BF4B-00C04F79EFBC}") = "CacheViewer", "CacheViewer\CacheViewer.csproj", "{17D5C0EC-16A9-4887-AD40-6D743F2853C8}"
EndProject
Project("{FAE04EC0-301F-11D3-BF4B-00C04F79EFBC}") = "CacheViewer.Domain", "CacheViewer.Domain\CacheViewer.Domain.csproj", "{E679DFB5-302E-488E-98F2-4A0838A4A222}"
EndProject
Project("{FAE04EC0-301F-11D3-BF4B-00C04F79EFBC}") = "CacheViewer.Tests", "CacheViewer.Tests\CacheViewer.Tests.csproj", "{111FE4A4-B975-43A3-938D-05F463919CD8}"
EndProject
Global
	GlobalSection(SolutionConfigurationPlatforms) = preSolution
		Debug|Any CPU = Debug|Any CPU
		Debug|x86 = Debug|x86
		Documentation|Any CPU = Documentation|Any CPU
		Documentation|x86 = Documentation|x86
		Nsis|Any CPU = Nsis|Any CPU
		Nsis|x86 = Nsis|x86
		Release|Any CPU = Release|Any CPU
		Release|x86 = Release|x86
	EndGlobalSection
	GlobalSection(ProjectConfigurationPlatforms) = postSolution
		{17D5C0EC-16A9-4887-AD40-6D743F2853C8}.Debug|Any CPU.ActiveCfg = Debug|Any CPU
		{17D5C0EC-16A9-4887-AD40-6D743F2853C8}.Debug|Any CPU.Build.0 = Debug|Any CPU
		{17D5C0EC-16A9-4887-AD40-6D743F2853C8}.Debug|x86.ActiveCfg = Debug|x86
		{17D5C0EC-16A9-4887-AD40-6D743F2853C8}.Debug|x86.Build.0 = Debug|x86
		{17D5C0EC-16A9-4887-AD40-6D743F2853C8}.Documentation|Any CPU.ActiveCfg = Debug|Any CPU
		{17D5C0EC-16A9-4887-AD40-6D743F2853C8}.Documentation|Any CPU.Build.0 = Debug|Any CPU
		{17D5C0EC-16A9-4887-AD40-6D743F2853C8}.Documentation|x86.ActiveCfg = Debug|x86
		{17D5C0EC-16A9-4887-AD40-6D743F2853C8}.Documentation|x86.Build.0 = Debug|x86
		{17D5C0EC-16A9-4887-AD40-6D743F2853C8}.Nsis|Any CPU.ActiveCfg = Release|Any CPU
		{17D5C0EC-16A9-4887-AD40-6D743F2853C8}.Nsis|Any CPU.Build.0 = Release|Any CPU
		{17D5C0EC-16A9-4887-AD40-6D743F2853C8}.Nsis|x86.ActiveCfg = Release|x86
		{17D5C0EC-16A9-4887-AD40-6D743F2853C8}.Nsis|x86.Build.0 = Release|x86
		{17D5C0EC-16A9-4887-AD40-6D743F2853C8}.Release|Any CPU.ActiveCfg = Release|Any CPU
		{17D5C0EC-16A9-4887-AD40-6D743F2853C8}.Release|Any CPU.Build.0 = Release|Any CPU
		{17D5C0EC-16A9-4887-AD40-6D743F2853C8}.Release|x86.ActiveCfg = Release|x86
		{17D5C0EC-16A9-4887-AD40-6D743F2853C8}.Release|x86.Build.0 = Release|x86
		{E679DFB5-302E-488E-98F2-4A0838A4A222}.Debug|Any CPU.ActiveCfg = Debug|Any CPU
		{E679DFB5-302E-488E-98F2-4A0838A4A222}.Debug|Any CPU.Build.0 = Debug|Any CPU
		{E679DFB5-302E-488E-98F2-4A0838A4A222}.Debug|x86.ActiveCfg = Debug|x86
		{E679DFB5-302E-488E-98F2-4A0838A4A222}.Debug|x86.Build.0 = Debug|x86
		{E679DFB5-302E-488E-98F2-4A0838A4A222}.Documentation|Any CPU.ActiveCfg = Debug|Any CPU
		{E679DFB5-302E-488E-98F2-4A0838A4A222}.Documentation|Any CPU.Build.0 = Debug|Any CPU
		{E679DFB5-302E-488E-98F2-4A0838A4A222}.Documentation|x86.ActiveCfg = Debug|x86
		{E679DFB5-302E-488E-98F2-4A0838A4A222}.Documentation|x86.Build.0 = Debug|x86
		{E679DFB5-302E-488E-98F2-4A0838A4A222}.Nsis|Any CPU.ActiveCfg = Release|Any CPU
		{E679DFB5-302E-488E-98F2-4A0838A4A222}.Nsis|Any CPU.Build.0 = Release|Any CPU
		{E679DFB5-302E-488E-98F2-4A0838A4A222}.Nsis|x86.ActiveCfg = Release|x86
		{E679DFB5-302E-488E-98F2-4A0838A4A222}.Nsis|x86.Build.0 = Release|x86
		{E679DFB5-302E-488E-98F2-4A0838A4A222}.Release|Any CPU.ActiveCfg = Release|Any CPU
		{E679DFB5-302E-488E-98F2-4A0838A4A222}.Release|Any CPU.Build.0 = Release|Any CPU
		{E679DFB5-302E-488E-98F2-4A0838A4A222}.Release|x86.ActiveCfg = Release|x86
		{E679DFB5-302E-488E-98F2-4A0838A4A222}.Release|x86.Build.0 = Release|x86
		{111FE4A4-B975-43A3-938D-05F463919CD8}.Debug|Any CPU.ActiveCfg = Debug|Any CPU
		{111FE4A4-B975-43A3-938D-05F463919CD8}.Debug|Any CPU.Build.0 = Debug|Any CPU
		{111FE4A4-B975-43A3-938D-05F463919CD8}.Debug|x86.ActiveCfg = Debug|x86
		{111FE4A4-B975-43A3-938D-05F463919CD8}.Debug|x86.Build.0 = Debug|x86
		{111FE4A4-B975-43A3-938D-05F463919CD8}.Documentation|Any CPU.ActiveCfg = Debug|Any CPU
		{111FE4A4-B975-43A3-938D-05F463919CD8}.Documentation|Any CPU.Build.0 = Debug|Any CPU
		{111FE4A4-B975-43A3-938D-05F463919CD8}.Documentation|x86.ActiveCfg = Debug|x86
		{111FE4A4-B975-43A3-938D-05F463919CD8}.Documentation|x86.Build.0 = Debug|x86
		{111FE4A4-B975-43A3-938D-05F463919CD8}.Nsis|Any CPU.ActiveCfg = Release|Any CPU
		{111FE4A4-B975-43A3-938D-05F463919CD8}.Nsis|Any CPU.Build.0 = Release|Any CPU
		{111FE4A4-B975-43A3-938D-05F463919CD8}.Nsis|x86.ActiveCfg = Release|x86
		{111FE4A4-B975-43A3-938D-05F463919CD8}.Nsis|x86.Build.0 = Release|x86
		{111FE4A4-B975-43A3-938D-05F463919CD8}.Release|Any CPU.ActiveCfg = Release|Any CPU
		{111FE4A4-B975-43A3-938D-05F463919CD8}.Release|Any CPU.Build.0 = Release|Any CPU
		{111FE4A4-B975-43A3-938D-05F463919CD8}.Release|x86.ActiveCfg = Release|x86
		{111FE4A4-B975-43A3-938D-05F463919CD8}.Release|x86.Build.0 = Release|x86
	EndGlobalSection
	GlobalSection(SolutionProperties) = preSolution
		HideSolutionNode = FALSE
	EndGlobalSection
EndGlobal
