
Microsoft Visual Studio Solution File, Format Version 12.00
# Visual Studio Version 16
VisualStudioVersion = 16.0.31205.134
MinimumVisualStudioVersion = 10.0.40219.1
Project("{2150E333-8FDC-42A3-9474-1A3956D46DE8}") = "src", "src", "{DA4F06D7-E994-42C5-A0ED-C0E160D3A54B}"
	ProjectSection(SolutionItems) = preProject
		README.md = README.md
	EndProjectSection
EndProject
Project("{2150E333-8FDC-42A3-9474-1A3956D46DE8}") = "tests", "tests", "{0E58955A-2EDD-420C-884E-4497B81B3ACF}"
EndProject
Project("{9A19103F-16F7-4668-BE54-9A1E7A4F7556}") = "Shadowbane.Cache", "src\Shadowbane.Cache\Shadowbane.Cache.csproj", "{D2C93FC4-5A00-43D0-987B-91BB1CEB6F58}"
EndProject
Project("{9A19103F-16F7-4668-BE54-9A1E7A4F7556}") = "Shadowbane.Cache.Tests", "tests\Shadowbane.Cache.Tests\Shadowbane.Cache.Tests.csproj", "{D88004CB-EFB6-40AC-83E0-D19A514DD10F}"
EndProject
Project("{2150E333-8FDC-42A3-9474-1A3956D46DE8}") = "Solution Items", "Solution Items", "{D0D8BF7A-5FAA-49B7-82E2-1F8E09AE4235}"
	ProjectSection(SolutionItems) = preProject
		.editorconfig = .editorconfig
	EndProjectSection
EndProject
Project("{9A19103F-16F7-4668-BE54-9A1E7A4F7556}") = "Shadowbane.Geometry", "src\Shadowbane.Geometry\Shadowbane.Geometry.csproj", "{4DD87CF6-7899-447C-8BAA-65E701FF763E}"
EndProject
Project("{9A19103F-16F7-4668-BE54-9A1E7A4F7556}") = "Shadowbane.Exporter.Wavefront", "src\Shadowbane.Exporter.Wavefront\Shadowbane.Exporter.Wavefront.csproj", "{9D5EAFD7-8748-4741-ADCB-0170C4D4A8E7}"
EndProject
Project("{2150E333-8FDC-42A3-9474-1A3956D46DE8}") = "cache", "cache", "{D63B8873-E57F-46E0-A68D-C377EF1455B0}"
	ProjectSection(SolutionItems) = preProject
		cache\CObjects.cache = cache\CObjects.cache
		cache\CZone.cache = cache\CZone.cache
		cache\Dungeon.cache = cache\Dungeon.cache
		cache\Mesh.cache = cache\Mesh.cache
		cache\Motion.cache = cache\Motion.cache
		cache\Palette.cache = cache\Palette.cache
		cache\Render.cache = cache\Render.cache
		cache\Skeleton.cache = cache\Skeleton.cache
		cache\Sound.cache = cache\Sound.cache
		cache\TerrainAlpha.cache = cache\TerrainAlpha.cache
		cache\test.cache = cache\test.cache
		cache\Textures.cache = cache\Textures.cache
		cache\Tile.cache = cache\Tile.cache
		cache\Visual.cache = cache\Visual.cache
	EndProjectSection
EndProject
Project("{2150E333-8FDC-42A3-9474-1A3956D46DE8}") = "010_Templates", "010_Templates", "{8046E302-B509-4030-A4F3-6470A44C0D05}"
	ProjectSection(SolutionItems) = preProject
		010Templates\CacheObjects.bt = 010Templates\CacheObjects.bt
		010Templates\Cacheobjects1.bt = 010Templates\Cacheobjects1.bt
		010Templates\mesh.bt = 010Templates\mesh.bt
		010Templates\RenderInfo1800.bt = 010Templates\RenderInfo1800.bt
		010Templates\RenderInfo4025.bt = 010Templates\RenderInfo4025.bt
		010Templates\RenderInfoWithJointName.bt = 010Templates\RenderInfoWithJointName.bt
		010Templates\Skeleton.bt = 010Templates\Skeleton.bt
		010Templates\type13.bt = 010Templates\type13.bt
		010Templates\Type4.bt = 010Templates\Type4.bt
		010Templates\Type9.bt = 010Templates\Type9.bt
	EndProjectSection
EndProject
Project("{9A19103F-16F7-4668-BE54-9A1E7A4F7556}") = "Shadowbane.Cache.IO", "src\Shadowbane.Cache.IO\Shadowbane.Cache.IO.csproj", "{85DD85FE-0952-4E7C-A433-47F3258041C8}"
EndProject
Project("{9A19103F-16F7-4668-BE54-9A1E7A4F7556}") = "Shadowbane.Cache.IO.Tests", "tests\Shadowbane.Cache.IO.Tests\Shadowbane.Cache.IO.Tests.csproj", "{24D27E38-2E7F-4CD9-8FAC-95CC21D0DABE}"
EndProject
Global
	GlobalSection(SolutionConfigurationPlatforms) = preSolution
		Debug|Any CPU = Debug|Any CPU
		Release|Any CPU = Release|Any CPU
	EndGlobalSection
	GlobalSection(ProjectConfigurationPlatforms) = postSolution
		{D2C93FC4-5A00-43D0-987B-91BB1CEB6F58}.Debug|Any CPU.ActiveCfg = Debug|Any CPU
		{D2C93FC4-5A00-43D0-987B-91BB1CEB6F58}.Debug|Any CPU.Build.0 = Debug|Any CPU
		{D2C93FC4-5A00-43D0-987B-91BB1CEB6F58}.Release|Any CPU.ActiveCfg = Release|Any CPU
		{D2C93FC4-5A00-43D0-987B-91BB1CEB6F58}.Release|Any CPU.Build.0 = Release|Any CPU
		{D88004CB-EFB6-40AC-83E0-D19A514DD10F}.Debug|Any CPU.ActiveCfg = Debug|Any CPU
		{D88004CB-EFB6-40AC-83E0-D19A514DD10F}.Debug|Any CPU.Build.0 = Debug|Any CPU
		{D88004CB-EFB6-40AC-83E0-D19A514DD10F}.Release|Any CPU.ActiveCfg = Release|Any CPU
		{D88004CB-EFB6-40AC-83E0-D19A514DD10F}.Release|Any CPU.Build.0 = Release|Any CPU
		{4DD87CF6-7899-447C-8BAA-65E701FF763E}.Debug|Any CPU.ActiveCfg = Debug|Any CPU
		{4DD87CF6-7899-447C-8BAA-65E701FF763E}.Debug|Any CPU.Build.0 = Debug|Any CPU
		{4DD87CF6-7899-447C-8BAA-65E701FF763E}.Release|Any CPU.ActiveCfg = Release|Any CPU
		{4DD87CF6-7899-447C-8BAA-65E701FF763E}.Release|Any CPU.Build.0 = Release|Any CPU
		{9D5EAFD7-8748-4741-ADCB-0170C4D4A8E7}.Debug|Any CPU.ActiveCfg = Debug|Any CPU
		{9D5EAFD7-8748-4741-ADCB-0170C4D4A8E7}.Debug|Any CPU.Build.0 = Debug|Any CPU
		{9D5EAFD7-8748-4741-ADCB-0170C4D4A8E7}.Release|Any CPU.ActiveCfg = Release|Any CPU
		{9D5EAFD7-8748-4741-ADCB-0170C4D4A8E7}.Release|Any CPU.Build.0 = Release|Any CPU
		{85DD85FE-0952-4E7C-A433-47F3258041C8}.Debug|Any CPU.ActiveCfg = Debug|Any CPU
		{85DD85FE-0952-4E7C-A433-47F3258041C8}.Debug|Any CPU.Build.0 = Debug|Any CPU
		{85DD85FE-0952-4E7C-A433-47F3258041C8}.Release|Any CPU.ActiveCfg = Release|Any CPU
		{85DD85FE-0952-4E7C-A433-47F3258041C8}.Release|Any CPU.Build.0 = Release|Any CPU
		{24D27E38-2E7F-4CD9-8FAC-95CC21D0DABE}.Debug|Any CPU.ActiveCfg = Debug|Any CPU
		{24D27E38-2E7F-4CD9-8FAC-95CC21D0DABE}.Debug|Any CPU.Build.0 = Debug|Any CPU
		{24D27E38-2E7F-4CD9-8FAC-95CC21D0DABE}.Release|Any CPU.ActiveCfg = Release|Any CPU
		{24D27E38-2E7F-4CD9-8FAC-95CC21D0DABE}.Release|Any CPU.Build.0 = Release|Any CPU
	EndGlobalSection
	GlobalSection(SolutionProperties) = preSolution
		HideSolutionNode = FALSE
	EndGlobalSection
	GlobalSection(NestedProjects) = preSolution
		{D2C93FC4-5A00-43D0-987B-91BB1CEB6F58} = {DA4F06D7-E994-42C5-A0ED-C0E160D3A54B}
		{D88004CB-EFB6-40AC-83E0-D19A514DD10F} = {0E58955A-2EDD-420C-884E-4497B81B3ACF}
		{4DD87CF6-7899-447C-8BAA-65E701FF763E} = {DA4F06D7-E994-42C5-A0ED-C0E160D3A54B}
		{9D5EAFD7-8748-4741-ADCB-0170C4D4A8E7} = {DA4F06D7-E994-42C5-A0ED-C0E160D3A54B}
		{85DD85FE-0952-4E7C-A433-47F3258041C8} = {DA4F06D7-E994-42C5-A0ED-C0E160D3A54B}
		{24D27E38-2E7F-4CD9-8FAC-95CC21D0DABE} = {0E58955A-2EDD-420C-884E-4497B81B3ACF}
	EndGlobalSection
	GlobalSection(ExtensibilityGlobals) = postSolution
		SolutionGuid = {57BF6F85-F66E-4A85-A73B-E0851F0E3973}
	EndGlobalSection
EndGlobal
